
Microsoft Visual Studio Solution File, Format Version 12.00
# Visual Studio Version 16
VisualStudioVersion = 16.0.29905.134
MinimumVisualStudioVersion = 10.0.40219.1
Project("{FAE04EC0-301F-11D3-BF4B-00C04F79EFBC}") = "medium8-1-3", "medium8-1-3\medium8-1-3.csproj", "{713D457C-0935-4046-BFD4-1ACE82DBAD08}"
EndProject
Global
	GlobalSection(SolutionConfigurationPlatforms) = preSolution
		Debug|Any CPU = Debug|Any CPU
		Release|Any CPU = Release|Any CPU
	EndGlobalSection
	GlobalSection(ProjectConfigurationPlatforms) = postSolution
		{713D457C-0935-4046-BFD4-1ACE82DBAD08}.Debug|Any CPU.ActiveCfg = Debug|Any CPU
		{713D457C-0935-4046-BFD4-1ACE82DBAD08}.Debug|Any CPU.Build.0 = Debug|Any CPU
		{713D457C-0935-4046-BFD4-1ACE82DBAD08}.Release|Any CPU.ActiveCfg = Release|Any CPU
		{713D457C-0935-4046-BFD4-1ACE82DBAD08}.Release|Any CPU.Build.0 = Release|Any CPU
	EndGlobalSection
	GlobalSection(SolutionProperties) = preSolution
		HideSolutionNode = FALSE
	EndGlobalSection
	GlobalSection(ExtensibilityGlobals) = postSolution
		SolutionGuid = {20800466-CB2D-468E-8CA5-931FE228BC40}
	EndGlobalSection
EndGlobal
